
Microsoft Visual Studio Solution File, Format Version 12.00
# Visual Studio Version 17
VisualStudioVersion = 17.11.35327.3
MinimumVisualStudioVersion = 10.0.40219.1
Project("{9A19103F-16F7-4668-BE54-9A1E7A4F7556}") = "WpfCurveGraph01", "WpfCurveGraph01\WpfCurveGraph01.csproj", "{92B75098-9E3E-43EC-BD38-CF97D32D970F}"
EndProject
Project("{9A19103F-16F7-4668-BE54-9A1E7A4F7556}") = "Test", "Test\Test.csproj", "{77BC114D-11A7-41EF-9549-BD4B100CBD4E}"
EndProject
Project("{9A19103F-16F7-4668-BE54-9A1E7A4F7556}") = "Test02", "Test02\Test02.csproj", "{BA2548E0-A382-4B23-9529-043734ED426F}"
EndProject
Project("{9A19103F-16F7-4668-BE54-9A1E7A4F7556}") = "TestPoinOnClick", "TestPoinOnClick\TestPoinOnClick.csproj", "{CA9B2A8C-5CDB-427C-A0C7-B41259F3314A}"
EndProject
Project("{FAE04EC0-301F-11D3-BF4B-00C04F79EFBC}") = "TestCurve01", "TestCurve01\TestCurve01.csproj", "{13941DA6-2DF1-4705-800B-B08847BC3183}"
EndProject
Project("{FAE04EC0-301F-11D3-BF4B-00C04F79EFBC}") = "WpfCurveGraph02", "WpfCurveGraph02\WpfCurveGraph02.csproj", "{3F6C6A27-085C-4478-BAD7-E93298D1B6F4}"
EndProject
Project("{FAE04EC0-301F-11D3-BF4B-00C04F79EFBC}") = "TestConsole", "TestConsole\TestConsole.csproj", "{8C6E8A9A-55ED-454C-910E-15F16A3254CA}"
EndProject
Global
	GlobalSection(SolutionConfigurationPlatforms) = preSolution
		Debug|Any CPU = Debug|Any CPU
		Release|Any CPU = Release|Any CPU
	EndGlobalSection
	GlobalSection(ProjectConfigurationPlatforms) = postSolution
		{92B75098-9E3E-43EC-BD38-CF97D32D970F}.Debug|Any CPU.ActiveCfg = Debug|Any CPU
		{92B75098-9E3E-43EC-BD38-CF97D32D970F}.Debug|Any CPU.Build.0 = Debug|Any CPU
		{92B75098-9E3E-43EC-BD38-CF97D32D970F}.Release|Any CPU.ActiveCfg = Release|Any CPU
		{92B75098-9E3E-43EC-BD38-CF97D32D970F}.Release|Any CPU.Build.0 = Release|Any CPU
		{77BC114D-11A7-41EF-9549-BD4B100CBD4E}.Debug|Any CPU.ActiveCfg = Debug|Any CPU
		{77BC114D-11A7-41EF-9549-BD4B100CBD4E}.Debug|Any CPU.Build.0 = Debug|Any CPU
		{77BC114D-11A7-41EF-9549-BD4B100CBD4E}.Release|Any CPU.ActiveCfg = Release|Any CPU
		{77BC114D-11A7-41EF-9549-BD4B100CBD4E}.Release|Any CPU.Build.0 = Release|Any CPU
		{BA2548E0-A382-4B23-9529-043734ED426F}.Debug|Any CPU.ActiveCfg = Debug|Any CPU
		{BA2548E0-A382-4B23-9529-043734ED426F}.Debug|Any CPU.Build.0 = Debug|Any CPU
		{BA2548E0-A382-4B23-9529-043734ED426F}.Release|Any CPU.ActiveCfg = Release|Any CPU
		{BA2548E0-A382-4B23-9529-043734ED426F}.Release|Any CPU.Build.0 = Release|Any CPU
		{CA9B2A8C-5CDB-427C-A0C7-B41259F3314A}.Debug|Any CPU.ActiveCfg = Debug|Any CPU
		{CA9B2A8C-5CDB-427C-A0C7-B41259F3314A}.Debug|Any CPU.Build.0 = Debug|Any CPU
		{CA9B2A8C-5CDB-427C-A0C7-B41259F3314A}.Release|Any CPU.ActiveCfg = Release|Any CPU
		{CA9B2A8C-5CDB-427C-A0C7-B41259F3314A}.Release|Any CPU.Build.0 = Release|Any CPU
		{13941DA6-2DF1-4705-800B-B08847BC3183}.Debug|Any CPU.ActiveCfg = Debug|Any CPU
		{13941DA6-2DF1-4705-800B-B08847BC3183}.Debug|Any CPU.Build.0 = Debug|Any CPU
		{13941DA6-2DF1-4705-800B-B08847BC3183}.Release|Any CPU.ActiveCfg = Release|Any CPU
		{13941DA6-2DF1-4705-800B-B08847BC3183}.Release|Any CPU.Build.0 = Release|Any CPU
		{3F6C6A27-085C-4478-BAD7-E93298D1B6F4}.Debug|Any CPU.ActiveCfg = Debug|Any CPU
		{3F6C6A27-085C-4478-BAD7-E93298D1B6F4}.Debug|Any CPU.Build.0 = Debug|Any CPU
		{3F6C6A27-085C-4478-BAD7-E93298D1B6F4}.Release|Any CPU.ActiveCfg = Release|Any CPU
		{3F6C6A27-085C-4478-BAD7-E93298D1B6F4}.Release|Any CPU.Build.0 = Release|Any CPU
		{8C6E8A9A-55ED-454C-910E-15F16A3254CA}.Debug|Any CPU.ActiveCfg = Debug|Any CPU
		{8C6E8A9A-55ED-454C-910E-15F16A3254CA}.Debug|Any CPU.Build.0 = Debug|Any CPU
		{8C6E8A9A-55ED-454C-910E-15F16A3254CA}.Release|Any CPU.ActiveCfg = Release|Any CPU
		{8C6E8A9A-55ED-454C-910E-15F16A3254CA}.Release|Any CPU.Build.0 = Release|Any CPU
	EndGlobalSection
	GlobalSection(SolutionProperties) = preSolution
		HideSolutionNode = FALSE
	EndGlobalSection
	GlobalSection(ExtensibilityGlobals) = postSolution
		SolutionGuid = {2BCD003A-65C2-4C8B-A438-2D868FDC7B22}
	EndGlobalSection
EndGlobal
